
Microsoft Visual Studio Solution File, Format Version 12.00
# Visual Studio Version 17
VisualStudioVersion = 17.7.34221.43
MinimumVisualStudioVersion = 10.0.40219.1
Project("{FAE04EC0-301F-11D3-BF4B-00C04F79EFBC}") = "A park in the dark", "A park in the dark\A park in the dark.csproj", "{9647A918-EC03-4B3D-AFF2-1E17678E758A}"
EndProject
Global
	GlobalSection(SolutionConfigurationPlatforms) = preSolution
		Debug|Any CPU = Debug|Any CPU
		Release|Any CPU = Release|Any CPU
	EndGlobalSection
	GlobalSection(ProjectConfigurationPlatforms) = postSolution
		{9647A918-EC03-4B3D-AFF2-1E17678E758A}.Debug|Any CPU.ActiveCfg = Debug|Any CPU
		{9647A918-EC03-4B3D-AFF2-1E17678E758A}.Debug|Any CPU.Build.0 = Debug|Any CPU
		{9647A918-EC03-4B3D-AFF2-1E17678E758A}.Release|Any CPU.ActiveCfg = Release|Any CPU
		{9647A918-EC03-4B3D-AFF2-1E17678E758A}.Release|Any CPU.Build.0 = Release|Any CPU
	EndGlobalSection
	GlobalSection(SolutionProperties) = preSolution
		HideSolutionNode = FALSE
	EndGlobalSection
	GlobalSection(ExtensibilityGlobals) = postSolution
		SolutionGuid = {A0268654-2D25-4F74-A10C-CE90D037030D}
	EndGlobalSection
EndGlobal
